Microsoft Visual Studio Solution File, Format Version 11.00
# Visual Studio 2010
Project("{FAE04EC0-301F-11D3-BF4B-00C04F79EFBC}") = "Log4 .NET", "log4net\Log4 .NET.csproj", "{F6A02431-167E-4347-BC43-65532C31CDB7}"
EndProject
Project("{FAE04EC0-301F-11D3-BF4B-00C04F79EFBC}") = "Zlib", "zlib\Zlib.csproj", "{0E7413FF-EB9E-4714-ACF2-BE3A6A7B2FFD}"
EndProject
Project("{FAE04EC0-301F-11D3-BF4B-00C04F79EFBC}") = "AWLauncher", "client\AWLauncher.csproj", "{AC55F2C3-A13E-447F-887B-7114C0F956A8}"
EndProject
Project("{FAE04EC0-301F-11D3-BF4B-00C04F79EFBC}") = "Premaker", "Premaker\Premaker.csproj", "{4BC86361-ACDC-4C85-82D6-8C655CA3388F}"
EndProject
Project("{54435603-DBB4-11D2-8724-00A0C9A8B90C}") = "Setup", "Setup\Setup.vdproj", "{ACF2F463-FED9-47C2-B96F-BB57567A0E4C}"
EndProject
Global
	GlobalSection(SolutionConfigurationPlatforms) = preSolution
		Debug|Any CPU = Debug|Any CPU
		Debug|x64 = Debug|x64
		Release|Any CPU = Release|Any CPU
		Release|x64 = Release|x64
	EndGlobalSection
	GlobalSection(ProjectConfigurationPlatforms) = postSolution
		{F6A02431-167E-4347-BC43-65532C31CDB7}.Debug|Any CPU.ActiveCfg = Debug|Any CPU
		{F6A02431-167E-4347-BC43-65532C31CDB7}.Debug|Any CPU.Build.0 = Debug|Any CPU
		{F6A02431-167E-4347-BC43-65532C31CDB7}.Debug|x64.ActiveCfg = Debug|Any CPU
		{F6A02431-167E-4347-BC43-65532C31CDB7}.Release|Any CPU.ActiveCfg = Release|Any CPU
		{F6A02431-167E-4347-BC43-65532C31CDB7}.Release|Any CPU.Build.0 = Release|Any CPU
		{F6A02431-167E-4347-BC43-65532C31CDB7}.Release|x64.ActiveCfg = Release|Any CPU
		{0E7413FF-EB9E-4714-ACF2-BE3A6A7B2FFD}.Debug|Any CPU.ActiveCfg = Debug|Any CPU
		{0E7413FF-EB9E-4714-ACF2-BE3A6A7B2FFD}.Debug|Any CPU.Build.0 = Debug|Any CPU
		{0E7413FF-EB9E-4714-ACF2-BE3A6A7B2FFD}.Debug|x64.ActiveCfg = Debug|Any CPU
		{0E7413FF-EB9E-4714-ACF2-BE3A6A7B2FFD}.Release|Any CPU.ActiveCfg = Release|Any CPU
		{0E7413FF-EB9E-4714-ACF2-BE3A6A7B2FFD}.Release|Any CPU.Build.0 = Release|Any CPU
		{0E7413FF-EB9E-4714-ACF2-BE3A6A7B2FFD}.Release|x64.ActiveCfg = Release|Any CPU
		{AC55F2C3-A13E-447F-887B-7114C0F956A8}.Debug|Any CPU.ActiveCfg = Debug|Any CPU
		{AC55F2C3-A13E-447F-887B-7114C0F956A8}.Debug|Any CPU.Build.0 = Debug|Any CPU
		{AC55F2C3-A13E-447F-887B-7114C0F956A8}.Debug|x64.ActiveCfg = Debug|Any CPU
		{AC55F2C3-A13E-447F-887B-7114C0F956A8}.Release|Any CPU.ActiveCfg = Release|Any CPU
		{AC55F2C3-A13E-447F-887B-7114C0F956A8}.Release|Any CPU.Build.0 = Release|Any CPU
		{AC55F2C3-A13E-447F-887B-7114C0F956A8}.Release|x64.ActiveCfg = Release|Any CPU
		{4BC86361-ACDC-4C85-82D6-8C655CA3388F}.Debug|Any CPU.ActiveCfg = Debug|Any CPU
		{4BC86361-ACDC-4C85-82D6-8C655CA3388F}.Debug|Any CPU.Build.0 = Debug|Any CPU
		{4BC86361-ACDC-4C85-82D6-8C655CA3388F}.Debug|x64.ActiveCfg = Debug|Any CPU
		{4BC86361-ACDC-4C85-82D6-8C655CA3388F}.Release|Any CPU.ActiveCfg = Release|Any CPU
		{4BC86361-ACDC-4C85-82D6-8C655CA3388F}.Release|Any CPU.Build.0 = Release|Any CPU
		{4BC86361-ACDC-4C85-82D6-8C655CA3388F}.Release|x64.ActiveCfg = Release|Any CPU
		{ACF2F463-FED9-47C2-B96F-BB57567A0E4C}.Debug|Any CPU.ActiveCfg = Debug
		{ACF2F463-FED9-47C2-B96F-BB57567A0E4C}.Debug|x64.ActiveCfg = Debug
		{ACF2F463-FED9-47C2-B96F-BB57567A0E4C}.Release|Any CPU.ActiveCfg = Release
		{ACF2F463-FED9-47C2-B96F-BB57567A0E4C}.Release|x64.ActiveCfg = Release
		{ACF2F463-FED9-47C2-B96F-BB57567A0E4C}.Release|x64.Build.0 = Release
	EndGlobalSection
	GlobalSection(SolutionProperties) = preSolution
		HideSolutionNode = FALSE
	EndGlobalSection
EndGlobal
